<?xml version="1.0" encoding="utf-8"?>
<Project ToolsVersion="4.0" xmlns="http://schemas.microsoft.com/developer/msbuild/2003">
  <ItemGroup>
    <Filter Include="shared">
      <UniqueIdentifier>{d02cf397-1aab-45be-8a59-17acac2f860d}</UniqueIdentifier>
    </Filter>
  </ItemGroup>
  <ItemGroup>
    <ClInclude Include="krakenplay.h" />
    <ClInclude Include="..\shared\messages.h">
      <Filter>shared</Filter>
    </ClInclude>
  </ItemGroup>
  <ItemGroup>
    <ClCompile Include="krakenplay.cpp" />
    <ClCompile Include="..\shared\messages.cpp">
      <Filter>shared</Filter>
    </ClCompile>
  </ItemGroup>
</Project>