<?xml version="1.0" encoding="utf-8"?>
<Project ToolsVersion="4.0" xmlns="http://schemas.microsoft.com/developer/msbuild/2003">
  <ItemGroup>
    <ClInclude Include="messages.h" />
    <ClInclude Include="inputmanager.h" />
    <ClInclude Include="networkserver.h" />
    <ClInclude Include="time\Implementation\time_inl.h">
      <Filter>time\implementation</Filter>
    </ClInclude>
    <ClInclude Include="time\Implementation\time_osx.h">
      <Filter>time\implementation</Filter>
    </ClInclude>
    <ClInclude Include="time\Implementation\time_posix.h">
      <Filter>time\implementation</Filter>
    </ClInclude>
    <ClInclude Include="time\Implementation\time_win.h">
      <Filter>time\implementation</Filter>
    </ClInclude>
    <ClInclude Include="time\time.h">
      <Filter>time</Filter>
    </ClInclude>
    <ClInclude Include="time\stopwatch.h">
      <Filter>time</Filter>
    </ClInclude>
  </ItemGroup>
  <ItemGroup>
    <ClCompile Include="implementation\inputmanager.cpp">
      <Filter>implementation</Filter>
    </ClCompile>
    <ClCompile Include="implementation\messages.cpp">
      <Filter>implementation</Filter>
    </ClCompile>
    <ClCompile Include="implementation\networkserver.cpp">
      <Filter>implementation</Filter>
    </ClCompile>
    <ClCompile Include="time\Implementation\stopwatch.cpp">
      <Filter>time\implementation</Filter>
    </ClCompile>
    <ClCompile Include="time\Implementation\time.cpp">
      <Filter>time\implementation</Filter>
    </ClCompile>
  </ItemGroup>
  <ItemGroup>
    <Filter Include="implementation">
      <UniqueIdentifier>{5d4607c4-ec9d-469e-95a2-be87ac237aa7}</UniqueIdentifier>
    </Filter>
    <Filter Include="time">
      <UniqueIdentifier>{2c0b4805-fcc7-4c73-91e6-0abb281cc20c}</UniqueIdentifier>
    </Filter>
    <Filter Include="time\implementation">
      <UniqueIdentifier>{b9b80651-7c79-418b-8b6d-69423a0ad1c9}</UniqueIdentifier>
    </Filter>
  </ItemGroup>
</Project>