
Microsoft Visual Studio Solution File, Format Version 12.00
# Visual Studio 2013
VisualStudioVersion = 12.0.30110.0
MinimumVisualStudioVersion = 10.0.40219.1
Project("{8BC9CEB8-8B4A-11D0-8D11-00A0C91BC942}") = "testapplication", "TestApplication\TestApplication.vcxproj", "{F56C29B3-17A4-464D-8C04-5F5507C7D710}"
	ProjectSection(ProjectDependencies) = postProject
		{F3861328-FD61-4D11-9FD5-CD80F045CB0F} = {F3861328-FD61-4D11-9FD5-CD80F045CB0F}
	EndProjectSection
EndProject
Project("{8BC9CEB8-8B4A-11D0-8D11-00A0C91BC942}") = "krakenplay", "krakenplay\krakenplay.vcxproj", "{F3861328-FD61-4D11-9FD5-CD80F045CB0F}"
EndProject
Project("{8BC9CEB8-8B4A-11D0-8D11-00A0C91BC942}") = "client", "client\client.vcxproj", "{152159EC-9570-47B8-91BB-1BCB8B829488}"
	ProjectSection(ProjectDependencies) = postProject
		{F3861328-FD61-4D11-9FD5-CD80F045CB0F} = {F3861328-FD61-4D11-9FD5-CD80F045CB0F}
	EndProjectSection
EndProject
Global
	GlobalSection(SolutionConfigurationPlatforms) = preSolution
		Debug|Win32 = Debug|Win32
		Release|Win32 = Release|Win32
	EndGlobalSection
	GlobalSection(ProjectConfigurationPlatforms) = postSolution
		{F56C29B3-17A4-464D-8C04-5F5507C7D710}.Debug|Win32.ActiveCfg = Debug|Win32
		{F56C29B3-17A4-464D-8C04-5F5507C7D710}.Debug|Win32.Build.0 = Debug|Win32
		{F56C29B3-17A4-464D-8C04-5F5507C7D710}.Release|Win32.ActiveCfg = Release|Win32
		{F56C29B3-17A4-464D-8C04-5F5507C7D710}.Release|Win32.Build.0 = Release|Win32
		{F3861328-FD61-4D11-9FD5-CD80F045CB0F}.Debug|Win32.ActiveCfg = Debug|Win32
		{F3861328-FD61-4D11-9FD5-CD80F045CB0F}.Debug|Win32.Build.0 = Debug|Win32
		{F3861328-FD61-4D11-9FD5-CD80F045CB0F}.Release|Win32.ActiveCfg = Release|Win32
		{F3861328-FD61-4D11-9FD5-CD80F045CB0F}.Release|Win32.Build.0 = Release|Win32
		{152159EC-9570-47B8-91BB-1BCB8B829488}.Debug|Win32.ActiveCfg = Debug|Win32
		{152159EC-9570-47B8-91BB-1BCB8B829488}.Debug|Win32.Build.0 = Debug|Win32
		{152159EC-9570-47B8-91BB-1BCB8B829488}.Release|Win32.ActiveCfg = Release|Win32
		{152159EC-9570-47B8-91BB-1BCB8B829488}.Release|Win32.Build.0 = Release|Win32
	EndGlobalSection
	GlobalSection(SolutionProperties) = preSolution
		HideSolutionNode = FALSE
	EndGlobalSection
EndGlobal
